
Microsoft Visual Studio Solution File, Format Version 12.00
# Visual Studio Version 17
VisualStudioVersion = 17.5.33627.172
MinimumVisualStudioVersion = 10.0.40219.1
Project("{FAE04EC0-301F-11D3-BF4B-00C04F79EFBC}") = "abdelrahmanS", "abdelrahmanS\abdelrahmanS.csproj", "{324F45C1-CC5C-4071-AD16-619E7552A76F}"
EndProject
Global
	GlobalSection(SolutionConfigurationPlatforms) = preSolution
		Debug|Any CPU = Debug|Any CPU
		Release|Any CPU = Release|Any CPU
	EndGlobalSection
	GlobalSection(ProjectConfigurationPlatforms) = postSolution
		{324F45C1-CC5C-4071-AD16-619E7552A76F}.Debug|Any CPU.ActiveCfg = Debug|Any CPU
		{324F45C1-CC5C-4071-AD16-619E7552A76F}.Debug|Any CPU.Build.0 = Debug|Any CPU
		{324F45C1-CC5C-4071-AD16-619E7552A76F}.Release|Any CPU.ActiveCfg = Release|Any CPU
		{324F45C1-CC5C-4071-AD16-619E7552A76F}.Release|Any CPU.Build.0 = Release|Any CPU
	EndGlobalSection
	GlobalSection(SolutionProperties) = preSolution
		HideSolutionNode = FALSE
	EndGlobalSection
	GlobalSection(ExtensibilityGlobals) = postSolution
		SolutionGuid = {6B4946B3-B2D6-467E-8864-D8F2D01051A2}
	EndGlobalSection
EndGlobal
